{
  "name": "duw24_summary",
  "version": "1.0.0",
  "lockfileVersion": 3,
  "requires": true,
  "packages": {
    "": {
      "name": "duw24_summary",
      "version": "1.0.0",
      "license": "ISC",
      "devDependencies": {
        "@iconify-json/clarity": "^1.2.0",
        "@iconify-json/devicon": "^1.2.3"
      }
    },
    "node_modules/@iconify-json/clarity": {
      "version": "1.2.0",
      "resolved": "https://registry.npmjs.org/@iconify-json/clarity/-/clarity-1.2.0.tgz",
      "integrity": "sha512-VpxyfOMCFeW1Vp/x6LA12nZQ+a63L6rUEMmsgvq4+zKI/EJ4rk1L/89Q4NnICpGoRbpkal3Up3xzBJFcR+uMfg==",
      "dev": true,
      "license": "MIT",
      "dependencies": {
        "@iconify/types": "*"
      }
    },
    "node_modules/@iconify-json/devicon": {
      "version": "1.2.3",
      "resolved": "https://registry.npmjs.org/@iconify-json/devicon/-/devicon-1.2.3.tgz",
      "integrity": "sha512-nfjNFyKRCI0rW7cVa4d3CVMH/jPTBnOqgPs+fgon6/ZFT6AyuiYV3mll5ZrPWkRmehydXhXvG1xcoE7PuioyGQ==",
      "dev": true,
      "license": "MIT",
      "dependencies": {
        "@iconify/types": "*"
      }
    },
    "node_modules/@iconify/types": {
      "version": "2.0.0",
      "resolved": "https://registry.npmjs.org/@iconify/types/-/types-2.0.0.tgz",
      "integrity": "sha512-+wluvCrRhXrhyOmRDJ3q8mux9JkKy5SJ/v8ol2tu4FVjyYvtEzkc/3pK15ET6RKg4b4w4BmTk1+gsCUhf21Ykg==",
      "dev": true,
      "license": "MIT"
    }
  }
}
